
Microsoft Visual Studio Solution File, Format Version 12.00
# Visual Studio Version 17
VisualStudioVersion = 17.4.33122.133
MinimumVisualStudioVersion = 10.0.40219.1
Project("{FAE04EC0-301F-11D3-BF4B-00C04F79EFBC}") = "ConsoleApp000", "ConsoleApp000\ConsoleApp000.csproj", "{FEA9D42E-4CA4-425E-9EB8-5E72C9D2B1D0}"
EndProject
Global
	GlobalSection(SolutionConfigurationPlatforms) = preSolution
		Debug|Any CPU = Debug|Any CPU
		Release|Any CPU = Release|Any CPU
	EndGlobalSection
	GlobalSection(ProjectConfigurationPlatforms) = postSolution
		{FEA9D42E-4CA4-425E-9EB8-5E72C9D2B1D0}.Debug|Any CPU.ActiveCfg = Debug|Any CPU
		{FEA9D42E-4CA4-425E-9EB8-5E72C9D2B1D0}.Debug|Any CPU.Build.0 = Debug|Any CPU
		{FEA9D42E-4CA4-425E-9EB8-5E72C9D2B1D0}.Release|Any CPU.ActiveCfg = Release|Any CPU
		{FEA9D42E-4CA4-425E-9EB8-5E72C9D2B1D0}.Release|Any CPU.Build.0 = Release|Any CPU
	EndGlobalSection
	GlobalSection(SolutionProperties) = preSolution
		HideSolutionNode = FALSE
	EndGlobalSection
	GlobalSection(ExtensibilityGlobals) = postSolution
		SolutionGuid = {772F4F8B-6046-4BC2-A67E-02361EE6969E}
	EndGlobalSection
EndGlobal
